{
  "requires": true,
  "lockfileVersion": 1,
  "dependencies": {
    "node": {
      "version": "12.22.1",
      "resolved": "https://registry.npmjs.org/node/-/node-12.22.1.tgz",
      "integrity": "sha512-kau0HlJXLPPr2+FNsrQ29B+/FJQaB4xyg+aJbm/9aFoH/6Gr4Q/5g8YtRggvl3cpvCd/wgH8k1VEzpyxrxGqdg==",
      "dev": true,
      "requires": {
        "node-bin-setup": "^1.0.0"
      }
    },
    "node-bin-setup": {
      "version": "1.0.6",
      "resolved": "https://registry.npmjs.org/node-bin-setup/-/node-bin-setup-1.0.6.tgz",
      "integrity": "sha512-uPIxXNis1CRbv1DwqAxkgBk5NFV3s7cMN/Gf556jSw6jBvV7ca4F9lRL/8cALcZecRibeqU+5dFYqFFmzv5a0Q==",
      "dev": true
    }
  }
}
